
Microsoft Visual Studio Solution File, Format Version 12.00
# Visual Studio Version 16
VisualStudioVersion = 16.0.30608.117
MinimumVisualStudioVersion = 10.0.40219.1
Project("{FAE04EC0-301F-11D3-BF4B-00C04F79EFBC}") = "EnvironmentColorsFinder", "EnvironmentColorsFinder\EnvironmentColorsFinder.csproj", "{D947F671-C874-4589-B8F8-76943BC5C524}"
EndProject
Project("{FAE04EC0-301F-11D3-BF4B-00C04F79EFBC}") = "ColorDatabaseGenerator", "ColorDatabaseGenerator\ColorDatabaseGenerator.csproj", "{29B6B38C-5C13-479B-97DB-BE14C0018E92}"
EndProject
Project("{2150E333-8FDC-42A3-9474-1A3956D46DE8}") = "Solution Items", "Solution Items", "{29F4F7CC-4C82-408D-BBA6-8525FC40E16F}"
	ProjectSection(SolutionItems) = preProject
		.editorconfig = .editorconfig
		.gitignore = .gitignore
		README.md = README.md
	EndProjectSection
EndProject
Global
	GlobalSection(SolutionConfigurationPlatforms) = preSolution
		Debug|Any CPU = Debug|Any CPU
		Release|Any CPU = Release|Any CPU
	EndGlobalSection
	GlobalSection(ProjectConfigurationPlatforms) = postSolution
		{D947F671-C874-4589-B8F8-76943BC5C524}.Debug|Any CPU.ActiveCfg = Debug|Any CPU
		{D947F671-C874-4589-B8F8-76943BC5C524}.Debug|Any CPU.Build.0 = Debug|Any CPU
		{D947F671-C874-4589-B8F8-76943BC5C524}.Release|Any CPU.ActiveCfg = Release|Any CPU
		{D947F671-C874-4589-B8F8-76943BC5C524}.Release|Any CPU.Build.0 = Release|Any CPU
		{29B6B38C-5C13-479B-97DB-BE14C0018E92}.Debug|Any CPU.ActiveCfg = Debug|Any CPU
		{29B6B38C-5C13-479B-97DB-BE14C0018E92}.Debug|Any CPU.Build.0 = Debug|Any CPU
		{29B6B38C-5C13-479B-97DB-BE14C0018E92}.Release|Any CPU.ActiveCfg = Release|Any CPU
		{29B6B38C-5C13-479B-97DB-BE14C0018E92}.Release|Any CPU.Build.0 = Release|Any CPU
	EndGlobalSection
	GlobalSection(SolutionProperties) = preSolution
		HideSolutionNode = FALSE
	EndGlobalSection
	GlobalSection(ExtensibilityGlobals) = postSolution
		SolutionGuid = {3B207642-A2B9-490D-A8E0-FC215CCA2CF8}
	EndGlobalSection
EndGlobal
