
Microsoft Visual Studio Solution File, Format Version 12.00
# Visual Studio 15
VisualStudioVersion = 15.0.28307.421
MinimumVisualStudioVersion = 10.0.40219.1
Project("{FAE04EC0-301F-11D3-BF4B-00C04F79EFBC}") = "EnvironmentColorsFinder", "EnvironmentColorsFinder\EnvironmentColorsFinder.csproj", "{D947F671-C874-4589-B8F8-76943BC5C524}"
EndProject
Global
	GlobalSection(SolutionConfigurationPlatforms) = preSolution
		Debug|Any CPU = Debug|Any CPU
		Release|Any CPU = Release|Any CPU
	EndGlobalSection
	GlobalSection(ProjectConfigurationPlatforms) = postSolution
		{D947F671-C874-4589-B8F8-76943BC5C524}.Debug|Any CPU.ActiveCfg = Debug|Any CPU
		{D947F671-C874-4589-B8F8-76943BC5C524}.Debug|Any CPU.Build.0 = Debug|Any CPU
		{D947F671-C874-4589-B8F8-76943BC5C524}.Release|Any CPU.ActiveCfg = Release|Any CPU
		{D947F671-C874-4589-B8F8-76943BC5C524}.Release|Any CPU.Build.0 = Release|Any CPU
	EndGlobalSection
	GlobalSection(SolutionProperties) = preSolution
		HideSolutionNode = FALSE
	EndGlobalSection
	GlobalSection(ExtensibilityGlobals) = postSolution
		SolutionGuid = {3B207642-A2B9-490D-A8E0-FC215CCA2CF8}
	EndGlobalSection
EndGlobal
